
Microsoft Visual Studio Solution File, Format Version 12.00
# Visual Studio Version 16
VisualStudioVersion = 16.0.31515.178
MinimumVisualStudioVersion = 10.0.40219.1
Project("{FAE04EC0-301F-11D3-BF4B-00C04F79EFBC}") = "infoelecra", "fundBra\infoelecra.csproj", "{8DDB18AB-9BBA-4B7C-B580-D669BB4F8685}"
EndProject
Global
	GlobalSection(SolutionConfigurationPlatforms) = preSolution
		Debug|Any CPU = Debug|Any CPU
		Release|Any CPU = Release|Any CPU
	EndGlobalSection
	GlobalSection(ProjectConfigurationPlatforms) = postSolution
		{8DDB18AB-9BBA-4B7C-B580-D669BB4F8685}.Debug|Any CPU.ActiveCfg = Debug|Any CPU
		{8DDB18AB-9BBA-4B7C-B580-D669BB4F8685}.Debug|Any CPU.Build.0 = Debug|Any CPU
		{8DDB18AB-9BBA-4B7C-B580-D669BB4F8685}.Release|Any CPU.ActiveCfg = Release|Any CPU
		{8DDB18AB-9BBA-4B7C-B580-D669BB4F8685}.Release|Any CPU.Build.0 = Release|Any CPU
	EndGlobalSection
	GlobalSection(SolutionProperties) = preSolution
		HideSolutionNode = FALSE
	EndGlobalSection
	GlobalSection(ExtensibilityGlobals) = postSolution
		SolutionGuid = {FE231252-B7B5-4236-A19D-D583F5448ED7}
	EndGlobalSection
EndGlobal
